{
  "nodes": {
    "flake-utils": {
      "inputs": {
        "systems": "systems"
      },
      "locked": {
        "lastModified": 1731533236,
        "narHash": "sha256-l0KFg5HjrsfsO/JpG+r7fRrqm12kzFHyUHqHCVpMMbI=",
        "owner": "numtide",
        "repo": "flake-utils",
        "rev": "11707dc2f618dd54ca8739b309ec4fc024de578b",
        "type": "github"
      },
      "original": {
        "owner": "numtide",
        "repo": "flake-utils",
        "type": "github"
      }
    },
    "nixpkgs": {
      "locked": {
        "lastModified": 1737003892,
        "narHash": "sha256-RCzJE9wKByLCXmRBp+z8LK9EgdW+K+W/DXnJS4S/NVo=",
        "owner": "NixOS",
        "repo": "nixpkgs",
        "rev": "ae06b9c2d83cb5c8b12d7d0e32692e93d1379713",
        "type": "github"
      },
      "original": {
        "owner": "NixOS",
        "ref": "nixpkgs-unstable",
        "repo": "nixpkgs",
        "type": "github"
      }
    },
    "plugins": {
      "flake": false,
      "locked": {
        "lastModified": 1738930985,
        "narHash": "sha256-axoMrOl0pdlyRgckFi4DiS+yBKAIHDhVeZQJINh8+wk=",
        "owner": "yazi-rs",
        "repo": "plugins",
        "rev": "07258518f3bffe28d87977bc3e8a88e4b825291b",
        "type": "github"
      },
      "original": {
        "owner": "yazi-rs",
        "repo": "plugins",
        "type": "github"
      }
    },
    "root": {
      "inputs": {
        "plugins": "plugins",
        "yazi": "yazi"
      }
    },
    "rust-overlay": {
      "inputs": {
        "nixpkgs": [
          "yazi",
          "nixpkgs"
        ]
      },
      "locked": {
        "lastModified": 1737080704,
        "narHash": "sha256-n+J2h9GM9ZpFOQUmtZoCr1+DFF/iO5UlmLJeHIxbZGY=",
        "owner": "oxalica",
        "repo": "rust-overlay",
        "rev": "f9953fe89f8b65401fc4d4a288940bc2cb072949",
        "type": "github"
      },
      "original": {
        "owner": "oxalica",
        "repo": "rust-overlay",
        "type": "github"
      }
    },
    "systems": {
      "locked": {
        "lastModified": 1681028828,
        "narHash": "sha256-Vy1rq5AaRuLzOxct8nz4T6wlgyUR7zLU309k9mBC768=",
        "owner": "nix-systems",
        "repo": "default",
        "rev": "da67096a3b9bf56a91d16901293e51ba5b49a27e",
        "type": "github"
      },
      "original": {
        "owner": "nix-systems",
        "repo": "default",
        "type": "github"
      }
    },
    "yazi": {
      "inputs": {
        "flake-utils": "flake-utils",
        "nixpkgs": "nixpkgs",
        "rust-overlay": "rust-overlay"
      },
      "locked": {
        "lastModified": 1738917769,
        "narHash": "sha256-f8+C+L8eOugnyx4Zm2y3qAXH33BsI5F1JWecigPKuMg=",
        "owner": "sxyazi",
        "repo": "yazi",
        "rev": "17ff1e8812304d52aab56eb5dd6a220578a0dd74",
        "type": "github"
      },
      "original": {
        "owner": "sxyazi",
        "repo": "yazi",
        "type": "github"
      }
    }
  },
  "root": "root",
  "version": 7
}
